
Microsoft Visual Studio Solution File, Format Version 12.00
# Visual Studio Version 17
VisualStudioVersion = 17.2.32630.192
MinimumVisualStudioVersion = 10.0.40219.1
Project("{FAE04EC0-301F-11D3-BF4B-00C04F79EFBC}") = "IfElse", "IfElse\IfElse.csproj", "{BC16B09F-0D70-419D-9716-869FFB3187FF}"
EndProject
Global
	GlobalSection(SolutionConfigurationPlatforms) = preSolution
		Debug|Any CPU = Debug|Any CPU
		Release|Any CPU = Release|Any CPU
	EndGlobalSection
	GlobalSection(ProjectConfigurationPlatforms) = postSolution
		{BC16B09F-0D70-419D-9716-869FFB3187FF}.Debug|Any CPU.ActiveCfg = Debug|Any CPU
		{BC16B09F-0D70-419D-9716-869FFB3187FF}.Debug|Any CPU.Build.0 = Debug|Any CPU
		{BC16B09F-0D70-419D-9716-869FFB3187FF}.Release|Any CPU.ActiveCfg = Release|Any CPU
		{BC16B09F-0D70-419D-9716-869FFB3187FF}.Release|Any CPU.Build.0 = Release|Any CPU
	EndGlobalSection
	GlobalSection(SolutionProperties) = preSolution
		HideSolutionNode = FALSE
	EndGlobalSection
	GlobalSection(ExtensibilityGlobals) = postSolution
		SolutionGuid = {8F750A87-957D-4764-BC35-4F9608BE2173}
	EndGlobalSection
EndGlobal
